
Microsoft Visual Studio Solution File, Format Version 12.00
# Visual Studio 2012
Project("{FAE04EC0-301F-11D3-BF4B-00C04F79EFBC}") = "COMPort Reset", "COMPort Reset\COMPort Reset.csproj", "{F34C1556-57A3-4FEE-97D4-77D0DD4BF76C}"
EndProject
Global
	GlobalSection(SolutionConfigurationPlatforms) = preSolution
		Debug|Any CPU = Debug|Any CPU
		Release|Any CPU = Release|Any CPU
	EndGlobalSection
	GlobalSection(ProjectConfigurationPlatforms) = postSolution
		{F34C1556-57A3-4FEE-97D4-77D0DD4BF76C}.Debug|Any CPU.ActiveCfg = Debug|Any CPU
		{F34C1556-57A3-4FEE-97D4-77D0DD4BF76C}.Debug|Any CPU.Build.0 = Debug|Any CPU
		{F34C1556-57A3-4FEE-97D4-77D0DD4BF76C}.Release|Any CPU.ActiveCfg = Release|Any CPU
		{F34C1556-57A3-4FEE-97D4-77D0DD4BF76C}.Release|Any CPU.Build.0 = Release|Any CPU
	EndGlobalSection
	GlobalSection(SolutionProperties) = preSolution
		HideSolutionNode = FALSE
	EndGlobalSection
EndGlobal
